{
  "requires": true,
  "lockfileVersion": 1,
  "dependencies": {
    "oracledb": {
      "version": "3.1.2",
      "resolved": "https://registry.npmjs.org/oracledb/-/oracledb-3.1.2.tgz",
      "integrity": "sha512-DOBKpUlfvGAX6bcpuPGtPVVfOOUqFue8eLjbnnmkDyBTU+YuH+gXHRy4ftlFzkHBXYkrSGenFJrXy8dDfEVXCg=="
    }
  }
}
