{
  "requires": true,
  "lockfileVersion": 1,
  "dependencies": {
    "oracledb": {
      "version": "3.1.0",
      "resolved": "https://registry.npmjs.org/oracledb/-/oracledb-3.1.0.tgz",
      "integrity": "sha512-Ow12jGj1jqgAXmG3z9nlvlRfMSYyNY9dapF68jOde5YTiOM0D75fYFrh9myYcA9eQ11cBA7cdZFF0XH0/SAhcg=="
    }
  }
}
