{
  "requires": true,
  "lockfileVersion": 1,
  "dependencies": {
    "oracledb": {
      "version": "2.3.0",
      "resolved": "https://registry.npmjs.org/oracledb/-/oracledb-2.3.0.tgz",
      "integrity": "sha512-zTG1elqQ3kdGiu93OcWYje3YCFO2kfLBTC1KjEyxIck8gnH9H2vAqrE5AgPdPmColIf961g3KwwxcwlEnX0CpA=="
    }
  }
}
